
Microsoft Visual Studio Solution File, Format Version 12.00
# Visual Studio 15
VisualStudioVersion = 15.0.27130.2010
MinimumVisualStudioVersion = 10.0.40219.1
Project("{FAE04EC0-301F-11D3-BF4B-00C04F79EFBC}") = "TileServer", "TileServer\TileServer.csproj", "{F414E65B-A081-4335-B9B0-015A94CDCE17}"
EndProject
Global
	GlobalSection(SolutionConfigurationPlatforms) = preSolution
		Debug|Any CPU = Debug|Any CPU
		Release|Any CPU = Release|Any CPU
	EndGlobalSection
	GlobalSection(ProjectConfigurationPlatforms) = postSolution
		{F414E65B-A081-4335-B9B0-015A94CDCE17}.Debug|Any CPU.ActiveCfg = Debug|Any CPU
		{F414E65B-A081-4335-B9B0-015A94CDCE17}.Debug|Any CPU.Build.0 = Debug|Any CPU
		{F414E65B-A081-4335-B9B0-015A94CDCE17}.Release|Any CPU.ActiveCfg = Release|Any CPU
		{F414E65B-A081-4335-B9B0-015A94CDCE17}.Release|Any CPU.Build.0 = Release|Any CPU
	EndGlobalSection
	GlobalSection(SolutionProperties) = preSolution
		HideSolutionNode = FALSE
	EndGlobalSection
	GlobalSection(ExtensibilityGlobals) = postSolution
		SolutionGuid = {8BD971B4-CE5A-438A-B867-ACDA195BF041}
	EndGlobalSection
EndGlobal
